
Microsoft Visual Studio Solution File, Format Version 12.00
# Visual Studio Version 16
VisualStudioVersion = 16.0.31129.286
MinimumVisualStudioVersion = 10.0.40219.1
Project("{9A19103F-16F7-4668-BE54-9A1E7A4F7556}") = "AzureContainersWebsite", "AzureContainersWebsite\AzureContainersWebsite.csproj", "{66EA847A-91FC-4A65-AF3D-C42190F64998}"
EndProject
Global
	GlobalSection(SolutionConfigurationPlatforms) = preSolution
		Debug|Any CPU = Debug|Any CPU
		Release|Any CPU = Release|Any CPU
	EndGlobalSection
	GlobalSection(ProjectConfigurationPlatforms) = postSolution
		{66EA847A-91FC-4A65-AF3D-C42190F64998}.Debug|Any CPU.ActiveCfg = Debug|Any CPU
		{66EA847A-91FC-4A65-AF3D-C42190F64998}.Debug|Any CPU.Build.0 = Debug|Any CPU
		{66EA847A-91FC-4A65-AF3D-C42190F64998}.Release|Any CPU.ActiveCfg = Release|Any CPU
		{66EA847A-91FC-4A65-AF3D-C42190F64998}.Release|Any CPU.Build.0 = Release|Any CPU
	EndGlobalSection
	GlobalSection(SolutionProperties) = preSolution
		HideSolutionNode = FALSE
	EndGlobalSection
	GlobalSection(ExtensibilityGlobals) = postSolution
		SolutionGuid = {85424DB2-45DC-4FE3-A488-47C0DD976D75}
	EndGlobalSection
EndGlobal
