
Microsoft Visual Studio Solution File, Format Version 12.00
# Visual Studio 15
VisualStudioVersion = 15.0.27703.2035
MinimumVisualStudioVersion = 10.0.40219.1
Project("{FAE04EC0-301F-11D3-BF4B-00C04F79EFBC}") = "AzureContainersWebsite", "AzureContainersWebsite\AzureContainersWebsite.csproj", "{66EA847A-91FC-4A65-AF3D-C42190F64998}"
EndProject
Project("{E53339B2-1760-4266-BCC7-CA923CBCF16C}") = "docker-compose", "docker-compose.dcproj", "{E3511FDB-7866-4C4A-8C7E-168855F3357F}"
EndProject
Global
	GlobalSection(SolutionConfigurationPlatforms) = preSolution
		Debug|Any CPU = Debug|Any CPU
		Release|Any CPU = Release|Any CPU
	EndGlobalSection
	GlobalSection(ProjectConfigurationPlatforms) = postSolution
		{66EA847A-91FC-4A65-AF3D-C42190F64998}.Debug|Any CPU.ActiveCfg = Debug|Any CPU
		{66EA847A-91FC-4A65-AF3D-C42190F64998}.Debug|Any CPU.Build.0 = Debug|Any CPU
		{66EA847A-91FC-4A65-AF3D-C42190F64998}.Release|Any CPU.ActiveCfg = Release|Any CPU
		{66EA847A-91FC-4A65-AF3D-C42190F64998}.Release|Any CPU.Build.0 = Release|Any CPU
		{E3511FDB-7866-4C4A-8C7E-168855F3357F}.Debug|Any CPU.ActiveCfg = Debug|Any CPU
		{E3511FDB-7866-4C4A-8C7E-168855F3357F}.Debug|Any CPU.Build.0 = Debug|Any CPU
		{E3511FDB-7866-4C4A-8C7E-168855F3357F}.Release|Any CPU.ActiveCfg = Release|Any CPU
		{E3511FDB-7866-4C4A-8C7E-168855F3357F}.Release|Any CPU.Build.0 = Release|Any CPU
	EndGlobalSection
	GlobalSection(SolutionProperties) = preSolution
		HideSolutionNode = FALSE
	EndGlobalSection
	GlobalSection(ExtensibilityGlobals) = postSolution
		SolutionGuid = {85424DB2-45DC-4FE3-A488-47C0DD976D75}
	EndGlobalSection
EndGlobal
